hash: 5ecf3611164ae41f1750f5a4be43744f60f04e69ce0e9199e0c7b6aefd074c84
updated: 2021-04-12T15:24:29.730116-04:00
imports:
- name: github.com/blang/semver
  version: dff411dc0692cbc4d8eef4fb799a291f2d248645
- name: github.com/go-yaml/yaml
  version: 7649d4548cb53a614db133b2a8ac1f31859dda8c
- name: github.com/google/shlex
  version: 6f45313302b9c56850fc17f99e40caebce98c716
- name: github.com/inconshreveable/mousetrap
  version: 76626ae9c91c4f2a10f34cad8ce83ea42c93bb75
- name: github.com/mitchellh/mapstructure
  version: f15292f7a699fcc1a38a80977f80a046874ba8ac
- name: github.com/spf13/cobra
  version: 6607e6b8603f56adb027298ee6695e06ffb3a819
- name: github.com/spf13/pflag
  version: 2e9d26c8c37aae03e3f9d4e90b7116f5accb7cab
- name: golang.org/x/sys
  version: c200b10b5d5e122be351b67af224adc6128af5bf
  subpackages:
  - windows
  - windows/registry
- name: gopkg.in/yaml.v2
  version: 7649d4548cb53a614db133b2a8ac1f31859dda8c
testImports: []
